// !$*UTF8*$!
{
	archiveVersion = 1;
	classes = {
	};
	objectVersion = 52;
	objects = {

/* Begin PBXBuildFile section */
		400215042629A8D90048021B /* Logger.swift in Sources */ = {isa = PBXBuildFile; fileRef = 400215032629A8D90048021B /* Logger.swift */; };
		4002151E2629D8970048021B /* NetworkManager.swift in Sources */ = {isa = PBXBuildFile; fileRef = 4002151D2629D8970048021B /* NetworkManager.swift */; };
		40269794262723CA003966B9 /* AppCoordinator.swift in Sources */ = {isa = PBXBuildFile; fileRef = 40269793262723CA003966B9 /* AppCoordinator.swift */; };
		40269799262723E2003966B9 /* CoordinatorType.swift in Sources */ = {isa = PBXBuildFile; fileRef = 40269798262723E2003966B9 /* CoordinatorType.swift */; };
		402697A1262725F0003966B9 /* members.json in Resources */ = {isa = PBXBuildFile; fileRef = 402697A0262725F0003966B9 /* members.json */; };
		402697A726272803003966B9 /* SingerVM.swift in Sources */ = {isa = PBXBuildFile; fileRef = 402697A626272803003966B9 /* SingerVM.swift */; };
		402697B026272926003966B9 /* ViewModelType.swift in Sources */ = {isa = PBXBuildFile; fileRef = 402697AF26272926003966B9 /* ViewModelType.swift */; };
		402697B6262729FE003966B9 /* AppContainer.swift in Sources */ = {isa = PBXBuildFile; fileRef = 402697B5262729FE003966B9 /* AppContainer.swift */; };
		402697BB26272A0F003966B9 /* ServiceProvider.swift in Sources */ = {isa = PBXBuildFile; fileRef = 402697BA26272A0F003966B9 /* ServiceProvider.swift */; };
		402697C326273586003966B9 /* NetworkService.swift in Sources */ = {isa = PBXBuildFile; fileRef = 402697C226273586003966B9 /* NetworkService.swift */; };
		4045A5CE2629DB4900C07E74 /* NetworkConstant.swift in Sources */ = {isa = PBXBuildFile; fileRef = 4045A5CD2629DB4900C07E74 /* NetworkConstant.swift */; };
		4045A5D72629E01700C07E74 /* EndpointType.swift in Sources */ = {isa = PBXBuildFile; fileRef = 4045A5D62629E01700C07E74 /* EndpointType.swift */; };
		4045A5DF2629E02E00C07E74 /* Endpoint.swift in Sources */ = {isa = PBXBuildFile; fileRef = 4045A5DE2629E02E00C07E74 /* Endpoint.swift */; };
		4045A5E52629E10600C07E74 /* URLParameterEncoder.swift in Sources */ = {isa = PBXBuildFile; fileRef = 4045A5E42629E10600C07E74 /* URLParameterEncoder.swift */; };
		4045A5F42629E12800C07E74 /* Parser.swift in Sources */ = {isa = PBXBuildFile; fileRef = 4045A5F32629E12800C07E74 /* Parser.swift */; };
		4045A5FC2629E20D00C07E74 /* ResultBase.swift in Sources */ = {isa = PBXBuildFile; fileRef = 4045A5FB2629E20D00C07E74 /* ResultBase.swift */; };
		4045DFF42629EE660021E9C6 /* RxSwift in Frameworks */ = {isa = PBXBuildFile; productRef = 4045DFF32629EE660021E9C6 /* RxSwift */; };
		4045DFF62629EE660021E9C6 /* RxTest in Frameworks */ = {isa = PBXBuildFile; productRef = 4045DFF52629EE660021E9C6 /* RxTest */; };
		4045DFF82629EE660021E9C6 /* RxRelay in Frameworks */ = {isa = PBXBuildFile; productRef = 4045DFF72629EE660021E9C6 /* RxRelay */; };
		4045DFFA2629EE660021E9C6 /* RxCocoa in Frameworks */ = {isa = PBXBuildFile; productRef = 4045DFF92629EE660021E9C6 /* RxCocoa */; };
		4045DFFC2629EE660021E9C6 /* RxBlocking in Frameworks */ = {isa = PBXBuildFile; productRef = 4045DFFB2629EE660021E9C6 /* RxBlocking */; };
		404BAAC7262A7DDD007F8D24 /* ImageCache.swift in Sources */ = {isa = PBXBuildFile; fileRef = 404BAAC6262A7DDD007F8D24 /* ImageCache.swift */; };
		408BBA0726355F42000B573C /* SingerDetailVM.swift in Sources */ = {isa = PBXBuildFile; fileRef = 408BBA0626355F42000B573C /* SingerDetailVM.swift */; };
		40CB77FE262675BE0053F258 /* AppDelegate.swift in Sources */ = {isa = PBXBuildFile; fileRef = 40CB77FD262675BE0053F258 /* AppDelegate.swift */; };
		40CB7800262675BE0053F258 /* SceneDelegate.swift in Sources */ = {isa = PBXBuildFile; fileRef = 40CB77FF262675BE0053F258 /* SceneDelegate.swift */; };
		40CB7802262675BE0053F258 /* SingerVC.swift in Sources */ = {isa = PBXBuildFile; fileRef = 40CB7801262675BE0053F258 /* SingerVC.swift */; };
		40CB7805262675BE0053F258 /* Singer.storyboard in Resources */ = {isa = PBXBuildFile; fileRef = 40CB7803262675BE0053F258 /* Singer.storyboard */; };
		40CB7807262675C10053F258 /* Assets.xcassets in Resources */ = {isa = PBXBuildFile; fileRef = 40CB7806262675C10053F258 /* Assets.xcassets */; };
		40CB780A262675C10053F258 /* LaunchScreen.storyboard in Resources */ = {isa = PBXBuildFile; fileRef = 40CB7808262675C10053F258 /* LaunchScreen.storyboard */; };
		40CB7815262675C10053F258 /* iTunesSearchTests.swift in Sources */ = {isa = PBXBuildFile; fileRef = 40CB7814262675C10053F258 /* iTunesSearchTests.swift */; };
		40CB7820262675C10053F258 /* iTunesSearchUITests.swift in Sources */ = {isa = PBXBuildFile; fileRef = 40CB781F262675C10053F258 /* iTunesSearchUITests.swift */; };
		40DCDAC9262B0FF5007ED056 /* UIImage+decodedImage.swift in Sources */ = {isa = PBXBuildFile; fileRef = 40DCDAC8262B0FF5007ED056 /* UIImage+decodedImage.swift */; };
		40DCDACE262B11D3007ED056 /* ImageLoader.swift in Sources */ = {isa = PBXBuildFile; fileRef = 40DCDACD262B11D3007ED056 /* ImageLoader.swift */; };
		40DDC78E2629A82700597480 /* View+ReuseIdentifiable.swift in Sources */ = {isa = PBXBuildFile; fileRef = 40DDC78D2629A82700597480 /* View+ReuseIdentifiable.swift */; };
		40DDC7942629A82E00597480 /* String+localized.swift in Sources */ = {isa = PBXBuildFile; fileRef = 40DDC7922629A82E00597480 /* String+localized.swift */; };
		40DDC7952629A82E00597480 /* Optional+Extension.swift in Sources */ = {isa = PBXBuildFile; fileRef = 40DDC7932629A82E00597480 /* Optional+Extension.swift */; };
		40DDC79C2629A83A00597480 /* Observable+Extensions.swift in Sources */ = {isa = PBXBuildFile; fileRef = 40DDC7992629A83900597480 /* Observable+Extensions.swift */; };
		40DDC79D2629A83A00597480 /* UIImageView+isNotHidden.swift in Sources */ = {isa = PBXBuildFile; fileRef = 40DDC79A2629A83900597480 /* UIImageView+isNotHidden.swift */; };
		40DDC79E2629A83A00597480 /* UIViewController+Rx.swift in Sources */ = {isa = PBXBuildFile; fileRef = 40DDC79B2629A83A00597480 /* UIViewController+Rx.swift */; };
		40E0D3902629A249000E76FC /* SingerCell.swift in Sources */ = {isa = PBXBuildFile; fileRef = 40E0D38E2629A249000E76FC /* SingerCell.swift */; };
		40E0D3912629A249000E76FC /* SingerCell.xib in Resources */ = {isa = PBXBuildFile; fileRef = 40E0D38F2629A249000E76FC /* SingerCell.xib */; };
		40E765312634421900E5D543 /* BaseVC.swift in Sources */ = {isa = PBXBuildFile; fileRef = 40E765302634421900E5D543 /* BaseVC.swift */; };
		40E7654126344BB300E5D543 /* SingerCoordinator.swift in Sources */ = {isa = PBXBuildFile; fileRef = 40E7654026344BB300E5D543 /* SingerCoordinator.swift */; };
		40E7654F26345E4200E5D543 /* SingerDetailVC.swift in Sources */ = {isa = PBXBuildFile; fileRef = 40E7654E26345E4200E5D543 /* SingerDetailVC.swift */; };
		40E7655D2634609300E5D543 /* SingerDetail.storyboard in Resources */ = {isa = PBXBuildFile; fileRef = 40E7655C2634609300E5D543 /* SingerDetail.storyboard */; };
/* End PBXBuildFile section */

/* Begin PBXContainerItemProxy section */
		40CB7811262675C10053F258 /* PBXContainerItemProxy */ = {
			isa = PBXContainerItemProxy;
			containerPortal = 40CB77F2262675BE0053F258 /* Project object */;
			proxyType = 1;
			remoteGlobalIDString = 40CB77F9262675BE0053F258;
			remoteInfo = MVVM_RxSwift_Restaurant;
		};
		40CB781C262675C10053F258 /* PBXContainerItemProxy */ = {
			isa = PBXContainerItemProxy;
			containerPortal = 40CB77F2262675BE0053F258 /* Project object */;
			proxyType = 1;
			remoteGlobalIDString = 40CB77F9262675BE0053F258;
			remoteInfo = MVVM_RxSwift_Restaurant;
		};
/* End PBXContainerItemProxy section */

/* Begin PBXFileReference section */
		400215032629A8D90048021B /* Logger.swift */ = {isa = PBXFileReference; fileEncoding = 4; lastKnownFileType = sourcecode.swift; path = Logger.swift; sourceTree = "<group>"; };
		4002151D2629D8970048021B /* NetworkManager.swift */ = {isa = PBXFileReference; lastKnownFileType = sourcecode.swift; path = NetworkManager.swift; sourceTree = "<group>"; };
		40269793262723CA003966B9 /* AppCoordinator.swift */ = {isa = PBXFileReference; lastKnownFileType = sourcecode.swift; path = AppCoordinator.swift; sourceTree = "<group>"; };
		40269798262723E2003966B9 /* CoordinatorType.swift */ = {isa = PBXFileReference; lastKnownFileType = sourcecode.swift; path = CoordinatorType.swift; sourceTree = "<group>"; };
		402697A0262725F0003966B9 /* members.json */ = {isa = PBXFileReference; lastKnownFileType = text.json; path = members.json; sourceTree = "<group>"; };
		402697A626272803003966B9 /* SingerVM.swift */ = {isa = PBXFileReference; lastKnownFileType = sourcecode.swift; path = SingerVM.swift; sourceTree = "<group>"; };
		402697AF26272926003966B9 /* ViewModelType.swift */ = {isa = PBXFileReference; lastKnownFileType = sourcecode.swift; path = ViewModelType.swift; sourceTree = "<group>"; };
		402697B5262729FE003966B9 /* AppContainer.swift */ = {isa = PBXFileReference; lastKnownFileType = sourcecode.swift; path = AppContainer.swift; sourceTree = "<group>"; };
		402697BA26272A0F003966B9 /* ServiceProvider.swift */ = {isa = PBXFileReference; lastKnownFileType = sourcecode.swift; path = ServiceProvider.swift; sourceTree = "<group>"; };
		402697C226273586003966B9 /* NetworkService.swift */ = {isa = PBXFileReference; lastKnownFileType = sourcecode.swift; path = NetworkService.swift; sourceTree = "<group>"; };
		4045A5CD2629DB4900C07E74 /* NetworkConstant.swift */ = {isa = PBXFileReference; lastKnownFileType = sourcecode.swift; path = NetworkConstant.swift; sourceTree = "<group>"; };
		4045A5D62629E01700C07E74 /* EndpointType.swift */ = {isa = PBXFileReference; lastKnownFileType = sourcecode.swift; path = EndpointType.swift; sourceTree = "<group>"; };
		4045A5DE2629E02E00C07E74 /* Endpoint.swift */ = {isa = PBXFileReference; lastKnownFileType = sourcecode.swift; path = Endpoint.swift; sourceTree = "<group>"; };
		4045A5E42629E10600C07E74 /* URLParameterEncoder.swift */ = {isa = PBXFileReference; fileEncoding = 4; lastKnownFileType = sourcecode.swift; path = URLParameterEncoder.swift; sourceTree = "<group>"; };
		4045A5F32629E12800C07E74 /* Parser.swift */ = {isa = PBXFileReference; fileEncoding = 4; lastKnownFileType = sourcecode.swift; path = Parser.swift; sourceTree = "<group>"; };
		4045A5FB2629E20D00C07E74 /* ResultBase.swift */ = {isa = PBXFileReference; lastKnownFileType = sourcecode.swift; path = ResultBase.swift; sourceTree = "<group>"; };
		404BAAC6262A7DDD007F8D24 /* ImageCache.swift */ = {isa = PBXFileReference; lastKnownFileType = sourcecode.swift; path = ImageCache.swift; sourceTree = "<group>"; };
		408BBA0626355F42000B573C /* SingerDetailVM.swift */ = {isa = PBXFileReference; lastKnownFileType = sourcecode.swift; path = SingerDetailVM.swift; sourceTree = "<group>"; };
		40CB77FA262675BE0053F258 /* iTunesSearch.app */ = {isa = PBXFileReference; explicitFileType = wrapper.application; includeInIndex = 0; path = iTunesSearch.app; sourceTree = BUILT_PRODUCTS_DIR; };
		40CB77FD262675BE0053F258 /* AppDelegate.swift */ = {isa = PBXFileReference; lastKnownFileType = sourcecode.swift; path = AppDelegate.swift; sourceTree = "<group>"; };
		40CB77FF262675BE0053F258 /* SceneDelegate.swift */ = {isa = PBXFileReference; lastKnownFileType = sourcecode.swift; path = SceneDelegate.swift; sourceTree = "<group>"; };
		40CB7801262675BE0053F258 /* SingerVC.swift */ = {isa = PBXFileReference; lastKnownFileType = sourcecode.swift; path = SingerVC.swift; sourceTree = "<group>"; };
		40CB7804262675BE0053F258 /* Base */ = {isa = PBXFileReference; lastKnownFileType = file.storyboard; name = Base; path = Base.lproj/Singer.storyboard; sourceTree = "<group>"; };
		40CB7806262675C10053F258 /* Assets.xcassets */ = {isa = PBXFileReference; lastKnownFileType = folder.assetcatalog; path = Assets.xcassets; sourceTree = "<group>"; };
		40CB7809262675C10053F258 /* Base */ = {isa = PBXFileReference; lastKnownFileType = file.storyboard; name = Base; path = Base.lproj/LaunchScreen.storyboard; sourceTree = "<group>"; };
		40CB780B262675C10053F258 /* Info.plist */ = {isa = PBXFileReference; lastKnownFileType = text.plist.xml; path = Info.plist; sourceTree = "<group>"; };
		40CB7810262675C10053F258 /* iTunesSearchTests.xctest */ = {isa = PBXFileReference; explicitFileType = wrapper.cfbundle; includeInIndex = 0; path = iTunesSearchTests.xctest; sourceTree = BUILT_PRODUCTS_DIR; };
		40CB7814262675C10053F258 /* iTunesSearchTests.swift */ = {isa = PBXFileReference; lastKnownFileType = sourcecode.swift; path = iTunesSearchTests.swift; sourceTree = "<group>"; };
		40CB7816262675C10053F258 /* Info.plist */ = {isa = PBXFileReference; lastKnownFileType = text.plist.xml; path = Info.plist; sourceTree = "<group>"; };
		40CB781B262675C10053F258 /* iTunesSearchUITests.xctest */ = {isa = PBXFileReference; explicitFileType = wrapper.cfbundle; includeInIndex = 0; path = iTunesSearchUITests.xctest; sourceTree = BUILT_PRODUCTS_DIR; };
		40CB781F262675C10053F258 /* iTunesSearchUITests.swift */ = {isa = PBXFileReference; lastKnownFileType = sourcecode.swift; path = iTunesSearchUITests.swift; sourceTree = "<group>"; };
		40CB7821262675C10053F258 /* Info.plist */ = {isa = PBXFileReference; lastKnownFileType = text.plist.xml; path = Info.plist; sourceTree = "<group>"; };
		40DCDAC8262B0FF5007ED056 /* UIImage+decodedImage.swift */ = {isa = PBXFileReference; lastKnownFileType = sourcecode.swift; path = "UIImage+decodedImage.swift"; sourceTree = "<group>"; };
		40DCDACD262B11D3007ED056 /* ImageLoader.swift */ = {isa = PBXFileReference; lastKnownFileType = sourcecode.swift; path = ImageLoader.swift; sourceTree = "<group>"; };
		40DDC78D2629A82700597480 /* View+ReuseIdentifiable.swift */ = {isa = PBXFileReference; fileEncoding = 4; lastKnownFileType = sourcecode.swift; path = "View+ReuseIdentifiable.swift"; sourceTree = "<group>"; };
		40DDC7922629A82E00597480 /* String+localized.swift */ = {isa = PBXFileReference; fileEncoding = 4; lastKnownFileType = sourcecode.swift; path = "String+localized.swift"; sourceTree = "<group>"; };
		40DDC7932629A82E00597480 /* Optional+Extension.swift */ = {isa = PBXFileReference; fileEncoding = 4; lastKnownFileType = sourcecode.swift; path = "Optional+Extension.swift"; sourceTree = "<group>"; };
		40DDC7992629A83900597480 /* Observable+Extensions.swift */ = {isa = PBXFileReference; fileEncoding = 4; lastKnownFileType = sourcecode.swift; path = "Observable+Extensions.swift"; sourceTree = "<group>"; };
		40DDC79A2629A83900597480 /* UIImageView+isNotHidden.swift */ = {isa = PBXFileReference; fileEncoding = 4; lastKnownFileType = sourcecode.swift; path = "UIImageView+isNotHidden.swift"; sourceTree = "<group>"; };
		40DDC79B2629A83A00597480 /* UIViewController+Rx.swift */ = {isa = PBXFileReference; fileEncoding = 4; lastKnownFileType = sourcecode.swift; path = "UIViewController+Rx.swift"; sourceTree = "<group>"; };
		40E0D38E2629A249000E76FC /* SingerCell.swift */ = {isa = PBXFileReference; lastKnownFileType = sourcecode.swift; path = SingerCell.swift; sourceTree = "<group>"; };
		40E0D38F2629A249000E76FC /* SingerCell.xib */ = {isa = PBXFileReference; lastKnownFileType = file.xib; path = SingerCell.xib; sourceTree = "<group>"; };
		40E765302634421900E5D543 /* BaseVC.swift */ = {isa = PBXFileReference; lastKnownFileType = sourcecode.swift; path = BaseVC.swift; sourceTree = "<group>"; };
		40E7654026344BB300E5D543 /* SingerCoordinator.swift */ = {isa = PBXFileReference; lastKnownFileType = sourcecode.swift; path = SingerCoordinator.swift; sourceTree = "<group>"; };
		40E7654E26345E4200E5D543 /* SingerDetailVC.swift */ = {isa = PBXFileReference; lastKnownFileType = sourcecode.swift; path = SingerDetailVC.swift; sourceTree = "<group>"; };
		40E7655C2634609300E5D543 /* SingerDetail.storyboard */ = {isa = PBXFileReference; lastKnownFileType = file.storyboard; path = SingerDetail.storyboard; sourceTree = "<group>"; };
/* End PBXFileReference section */

/* Begin PBXFrameworksBuildPhase section */
		40CB77F7262675BE0053F258 /* Frameworks */ = {
			isa = PBXFrameworksBuildPhase;
			buildActionMask = 2147483647;
			files = (
				4045DFFA2629EE660021E9C6 /* RxCocoa in Frameworks */,
				4045DFF82629EE660021E9C6 /* RxRelay in Frameworks */,
				4045DFF42629EE660021E9C6 /* RxSwift in Frameworks */,
			);
			runOnlyForDeploymentPostprocessing = 0;
		};
		40CB780D262675C10053F258 /* Frameworks */ = {
			isa = PBXFrameworksBuildPhase;
			buildActionMask = 2147483647;
			files = (
				4045DFF62629EE660021E9C6 /* RxTest in Frameworks */,
				4045DFFC2629EE660021E9C6 /* RxBlocking in Frameworks */,
			);
			runOnlyForDeploymentPostprocessing = 0;
		};
		40CB7818262675C10053F258 /* Frameworks */ = {
			isa = PBXFrameworksBuildPhase;
			buildActionMask = 2147483647;
			files = (
			);
			runOnlyForDeploymentPostprocessing = 0;
		};
/* End PBXFrameworksBuildPhase section */

/* Begin PBXGroup section */
		400215172629D7CF0048021B /* Network */ = {
			isa = PBXGroup;
			children = (
				4045A5CD2629DB4900C07E74 /* NetworkConstant.swift */,
				4002151D2629D8970048021B /* NetworkManager.swift */,
				4045A5E92629E11300C07E74 /* Parser */,
				4045A5E32629E0FB00C07E74 /* Encoder */,
				4045A5D52629DFFE00C07E74 /* Endpoint */,
			);
			path = Network;
			sourceTree = "<group>";
		};
		400215182629D80C0048021B /* ApplicationLayer */ = {
			isa = PBXGroup;
			children = (
				40CB77FD262675BE0053F258 /* AppDelegate.swift */,
				40CB77FF262675BE0053F258 /* SceneDelegate.swift */,
				402697B5262729FE003966B9 /* AppContainer.swift */,
			);
			path = ApplicationLayer;
			sourceTree = "<group>";
		};
		400215192629D8340048021B /* PresentationLayer */ = {
			isa = PBXGroup;
			children = (
				40269792262723BD003966B9 /* Coordinator */,
				402697A5262727EC003966B9 /* Scenes */,
			);
			path = PresentationLayer;
			sourceTree = "<group>";
		};
		4002151B2629D8480048021B /* CoreLayer */ = {
			isa = PBXGroup;
			children = (
				404BAAC5262A7DC8007F8D24 /* Cache */,
				400215172629D7CF0048021B /* Network */,
			);
			path = CoreLayer;
			sourceTree = "<group>";
		};
		4002151C2629D8670048021B /* Utility */ = {
			isa = PBXGroup;
			children = (
				400215032629A8D90048021B /* Logger.swift */,
			);
			path = Utility;
			sourceTree = "<group>";
		};
		400215222629D8C10048021B /* BusinessLayer */ = {
			isa = PBXGroup;
			children = (
				402697B4262729D8003966B9 /* ServiceProvider */,
				402697CA26273700003966B9 /* Model */,
			);
			path = BusinessLayer;
			sourceTree = "<group>";
		};
		400215262629D9E80048021B /* Protocol */ = {
			isa = PBXGroup;
			children = (
				40269798262723E2003966B9 /* CoordinatorType.swift */,
				402697AF26272926003966B9 /* ViewModelType.swift */,
			);
			path = Protocol;
			sourceTree = "<group>";
		};
		400215272629D9F40048021B /* Enum */ = {
			isa = PBXGroup;
			children = (
			);
			path = Enum;
			sourceTree = "<group>";
		};
		40269792262723BD003966B9 /* Coordinator */ = {
			isa = PBXGroup;
			children = (
				40269793262723CA003966B9 /* AppCoordinator.swift */,
				40E7654026344BB300E5D543 /* SingerCoordinator.swift */,
			);
			path = Coordinator;
			sourceTree = "<group>";
		};
		402697A5262727EC003966B9 /* Scenes */ = {
			isa = PBXGroup;
			children = (
				40C76D4126355B0A005324EA /* Singer */,
				40C76D4226355B16005324EA /* SingerDetail */,
			);
			path = Scenes;
			sourceTree = "<group>";
		};
		402697B4262729D8003966B9 /* ServiceProvider */ = {
			isa = PBXGroup;
			children = (
				402697BA26272A0F003966B9 /* ServiceProvider.swift */,
				402697C226273586003966B9 /* NetworkService.swift */,
			);
			path = ServiceProvider;
			sourceTree = "<group>";
		};
		402697CA26273700003966B9 /* Model */ = {
			isa = PBXGroup;
			children = (
				4045A5FB2629E20D00C07E74 /* ResultBase.swift */,
			);
			path = Model;
			sourceTree = "<group>";
		};
		4045A5D52629DFFE00C07E74 /* Endpoint */ = {
			isa = PBXGroup;
			children = (
				4045A5D62629E01700C07E74 /* EndpointType.swift */,
				4045A5DE2629E02E00C07E74 /* Endpoint.swift */,
			);
			path = Endpoint;
			sourceTree = "<group>";
		};
		4045A5E32629E0FB00C07E74 /* Encoder */ = {
			isa = PBXGroup;
			children = (
				4045A5E42629E10600C07E74 /* URLParameterEncoder.swift */,
			);
			path = Encoder;
			sourceTree = "<group>";
		};
		4045A5E92629E11300C07E74 /* Parser */ = {
			isa = PBXGroup;
			children = (
				4045A5F32629E12800C07E74 /* Parser.swift */,
			);
			path = Parser;
			sourceTree = "<group>";
		};
		404BAAC5262A7DC8007F8D24 /* Cache */ = {
			isa = PBXGroup;
			children = (
				404BAAC6262A7DDD007F8D24 /* ImageCache.swift */,
				40DCDACD262B11D3007ED056 /* ImageLoader.swift */,
			);
			path = Cache;
			sourceTree = "<group>";
		};
		40C76D4126355B0A005324EA /* Singer */ = {
			isa = PBXGroup;
			children = (
				40CB7803262675BE0053F258 /* Singer.storyboard */,
				40CB7801262675BE0053F258 /* SingerVC.swift */,
				402697A626272803003966B9 /* SingerVM.swift */,
				40E0D38F2629A249000E76FC /* SingerCell.xib */,
				40E0D38E2629A249000E76FC /* SingerCell.swift */,
			);
			path = Singer;
			sourceTree = "<group>";
		};
		40C76D4226355B16005324EA /* SingerDetail */ = {
			isa = PBXGroup;
			children = (
				40E7655C2634609300E5D543 /* SingerDetail.storyboard */,
				40E7654E26345E4200E5D543 /* SingerDetailVC.swift */,
				408BBA0626355F42000B573C /* SingerDetailVM.swift */,
			);
			path = SingerDetail;
			sourceTree = "<group>";
		};
		40CB77F1262675BE0053F258 = {
			isa = PBXGroup;
			children = (
				40CB77FC262675BE0053F258 /* iTunesSearch */,
				40CB7813262675C10053F258 /* iTunesSearchTests */,
				40CB781E262675C10053F258 /* iTunesSearchUITests */,
				40CB77FB262675BE0053F258 /* Products */,
			);
			sourceTree = "<group>";
		};
		40CB77FB262675BE0053F258 /* Products */ = {
			isa = PBXGroup;
			children = (
				40CB77FA262675BE0053F258 /* iTunesSearch.app */,
				40CB7810262675C10053F258 /* iTunesSearchTests.xctest */,
				40CB781B262675C10053F258 /* iTunesSearchUITests.xctest */,
			);
			name = Products;
			sourceTree = "<group>";
		};
		40CB77FC262675BE0053F258 /* iTunesSearch */ = {
			isa = PBXGroup;
			children = (
				40E7652E263441BC00E5D543 /* Common */,
				400215182629D80C0048021B /* ApplicationLayer */,
				4002151B2629D8480048021B /* CoreLayer */,
				400215222629D8C10048021B /* BusinessLayer */,
				400215192629D8340048021B /* PresentationLayer */,
				40CB783F262676DD0053F258 /* Resources */,
				40CB7840262676E30053F258 /* Support */,
			);
			path = iTunesSearch;
			sourceTree = "<group>";
		};
		40CB7813262675C10053F258 /* iTunesSearchTests */ = {
			isa = PBXGroup;
			children = (
				40CB7814262675C10053F258 /* iTunesSearchTests.swift */,
				40CB7816262675C10053F258 /* Info.plist */,
			);
			path = iTunesSearchTests;
			sourceTree = "<group>";
		};
		40CB781E262675C10053F258 /* iTunesSearchUITests */ = {
			isa = PBXGroup;
			children = (
				40CB781F262675C10053F258 /* iTunesSearchUITests.swift */,
				40CB7821262675C10053F258 /* Info.plist */,
			);
			path = iTunesSearchUITests;
			sourceTree = "<group>";
		};
		40CB783F262676DD0053F258 /* Resources */ = {
			isa = PBXGroup;
			children = (
				40CB7806262675C10053F258 /* Assets.xcassets */,
				40CB7808262675C10053F258 /* LaunchScreen.storyboard */,
				402697A0262725F0003966B9 /* members.json */,
			);
			path = Resources;
			sourceTree = "<group>";
		};
		40CB7840262676E30053F258 /* Support */ = {
			isa = PBXGroup;
			children = (
				40CB780B262675C10053F258 /* Info.plist */,
			);
			path = Support;
			sourceTree = "<group>";
		};
		40DDC78C2629A81700597480 /* Extension */ = {
			isa = PBXGroup;
			children = (
				40DDC7A72629A84600597480 /* Foundation */,
				40DDC7A62629A84100597480 /* UIKit */,
				40DDC7A22629A83B00597480 /* Rx */,
			);
			path = Extension;
			sourceTree = "<group>";
		};
		40DDC7A22629A83B00597480 /* Rx */ = {
			isa = PBXGroup;
			children = (
				40DDC7992629A83900597480 /* Observable+Extensions.swift */,
				40DDC79A2629A83900597480 /* UIImageView+isNotHidden.swift */,
				40DDC79B2629A83A00597480 /* UIViewController+Rx.swift */,
			);
			path = Rx;
			sourceTree = "<group>";
		};
		40DDC7A62629A84100597480 /* UIKit */ = {
			isa = PBXGroup;
			children = (
				40DDC78D2629A82700597480 /* View+ReuseIdentifiable.swift */,
				40DCDAC8262B0FF5007ED056 /* UIImage+decodedImage.swift */,
			);
			path = UIKit;
			sourceTree = "<group>";
		};
		40DDC7A72629A84600597480 /* Foundation */ = {
			isa = PBXGroup;
			children = (
				40DDC7932629A82E00597480 /* Optional+Extension.swift */,
				40DDC7922629A82E00597480 /* String+localized.swift */,
			);
			path = Foundation;
			sourceTree = "<group>";
		};
		40E7652E263441BC00E5D543 /* Common */ = {
			isa = PBXGroup;
			children = (
				40E7652F2634420900E5D543 /* Base */,
				400215262629D9E80048021B /* Protocol */,
				400215272629D9F40048021B /* Enum */,
				40DDC78C2629A81700597480 /* Extension */,
				4002151C2629D8670048021B /* Utility */,
			);
			path = Common;
			sourceTree = "<group>";
		};
		40E7652F2634420900E5D543 /* Base */ = {
			isa = PBXGroup;
			children = (
				40E765302634421900E5D543 /* BaseVC.swift */,
			);
			path = Base;
			sourceTree = "<group>";
		};
/* End PBXGroup section */

/* Begin PBXNativeTarget section */
		40CB77F9262675BE0053F258 /* iTunesSearch */ = {
			isa = PBXNativeTarget;
			buildConfigurationList = 40CB7824262675C10053F258 /* Build configuration list for PBXNativeTarget "iTunesSearch" */;
			buildPhases = (
				40CB77F6262675BE0053F258 /* Sources */,
				40CB77F7262675BE0053F258 /* Frameworks */,
				40CB77F8262675BE0053F258 /* Resources */,
			);
			buildRules = (
			);
			dependencies = (
			);
			name = iTunesSearch;
			packageProductDependencies = (
				4045DFF32629EE660021E9C6 /* RxSwift */,
				4045DFF72629EE660021E9C6 /* RxRelay */,
				4045DFF92629EE660021E9C6 /* RxCocoa */,
			);
			productName = MVVM_RxSwift_Restaurant;
			productReference = 40CB77FA262675BE0053F258 /* iTunesSearch.app */;
			productType = "com.apple.product-type.application";
		};
		40CB780F262675C10053F258 /* iTunesSearchTests */ = {
			isa = PBXNativeTarget;
			buildConfigurationList = 40CB7827262675C10053F258 /* Build configuration list for PBXNativeTarget "iTunesSearchTests" */;
			buildPhases = (
				40CB780C262675C10053F258 /* Sources */,
				40CB780D262675C10053F258 /* Frameworks */,
				40CB780E262675C10053F258 /* Resources */,
			);
			buildRules = (
			);
			dependencies = (
				40CB7812262675C10053F258 /* PBXTargetDependency */,
			);
			name = iTunesSearchTests;
			packageProductDependencies = (
				4045DFF52629EE660021E9C6 /* RxTest */,
				4045DFFB2629EE660021E9C6 /* RxBlocking */,
			);
			productName = MVVM_RxSwift_RestaurantTests;
			productReference = 40CB7810262675C10053F258 /* iTunesSearchTests.xctest */;
			productType = "com.apple.product-type.bundle.unit-test";
		};
		40CB781A262675C10053F258 /* iTunesSearchUITests */ = {
			isa = PBXNativeTarget;
			buildConfigurationList = 40CB782A262675C10053F258 /* Build configuration list for PBXNativeTarget "iTunesSearchUITests" */;
			buildPhases = (
				40CB7817262675C10053F258 /* Sources */,
				40CB7818262675C10053F258 /* Frameworks */,
				40CB7819262675C10053F258 /* Resources */,
			);
			buildRules = (
			);
			dependencies = (
				40CB781D262675C10053F258 /* PBXTargetDependency */,
			);
			name = iTunesSearchUITests;
			productName = MVVM_RxSwift_RestaurantUITests;
			productReference = 40CB781B262675C10053F258 /* iTunesSearchUITests.xctest */;
			productType = "com.apple.product-type.bundle.ui-testing";
		};
/* End PBXNativeTarget section */

/* Begin PBXProject section */
		40CB77F2262675BE0053F258 /* Project object */ = {
			isa = PBXProject;
			attributes = {
				LastSwiftUpdateCheck = 1240;
				LastUpgradeCheck = 1240;
				TargetAttributes = {
					40CB77F9262675BE0053F258 = {
						CreatedOnToolsVersion = 12.4;
					};
					40CB780F262675C10053F258 = {
						CreatedOnToolsVersion = 12.4;
						TestTargetID = 40CB77F9262675BE0053F258;
					};
					40CB781A262675C10053F258 = {
						CreatedOnToolsVersion = 12.4;
						TestTargetID = 40CB77F9262675BE0053F258;
					};
				};
			};
			buildConfigurationList = 40CB77F5262675BE0053F258 /* Build configuration list for PBXProject "iTunesSearch" */;
			compatibilityVersion = "Xcode 9.3";
			developmentRegion = en;
			hasScannedForEncodings = 0;
			knownRegions = (
				en,
				Base,
			);
			mainGroup = 40CB77F1262675BE0053F258;
			packageReferences = (
				4045DFF22629EE660021E9C6 /* XCRemoteSwiftPackageReference "RxSwift" */,
			);
			productRefGroup = 40CB77FB262675BE0053F258 /* Products */;
			projectDirPath = "";
			projectRoot = "";
			targets = (
				40CB77F9262675BE0053F258 /* iTunesSearch */,
				40CB780F262675C10053F258 /* iTunesSearchTests */,
				40CB781A262675C10053F258 /* iTunesSearchUITests */,
			);
		};
/* End PBXProject section */

/* Begin PBXResourcesBuildPhase section */
		40CB77F8262675BE0053F258 /* Resources */ = {
			isa = PBXResourcesBuildPhase;
			buildActionMask = 2147483647;
			files = (
				40CB780A262675C10053F258 /* LaunchScreen.storyboard in Resources */,
				40CB7807262675C10053F258 /* Assets.xcassets in Resources */,
				40CB7805262675BE0053F258 /* Singer.storyboard in Resources */,
				402697A1262725F0003966B9 /* members.json in Resources */,
				40E0D3912629A249000E76FC /* SingerCell.xib in Resources */,
				40E7655D2634609300E5D543 /* SingerDetail.storyboard in Resources */,
			);
			runOnlyForDeploymentPostprocessing = 0;
		};
		40CB780E262675C10053F258 /* Resources */ = {
			isa = PBXResourcesBuildPhase;
			buildActionMask = 2147483647;
			files = (
			);
			runOnlyForDeploymentPostprocessing = 0;
		};
		40CB7819262675C10053F258 /* Resources */ = {
			isa = PBXResourcesBuildPhase;
			buildActionMask = 2147483647;
			files = (
			);
			runOnlyForDeploymentPostprocessing = 0;
		};
/* End PBXResourcesBuildPhase section */

/* Begin PBXSourcesBuildPhase section */
		40CB77F6262675BE0053F258 /* Sources */ = {
			isa = PBXSourcesBuildPhase;
			buildActionMask = 2147483647;
			files = (
				400215042629A8D90048021B /* Logger.swift in Sources */,
				402697C326273586003966B9 /* NetworkService.swift in Sources */,
				40DCDACE262B11D3007ED056 /* ImageLoader.swift in Sources */,
				40269794262723CA003966B9 /* AppCoordinator.swift in Sources */,
				4045A5CE2629DB4900C07E74 /* NetworkConstant.swift in Sources */,
				40E765312634421900E5D543 /* BaseVC.swift in Sources */,
				40E0D3902629A249000E76FC /* SingerCell.swift in Sources */,
				40DDC79E2629A83A00597480 /* UIViewController+Rx.swift in Sources */,
				402697B6262729FE003966B9 /* AppContainer.swift in Sources */,
				4045A5E52629E10600C07E74 /* URLParameterEncoder.swift in Sources */,
				4045A5D72629E01700C07E74 /* EndpointType.swift in Sources */,
				402697A726272803003966B9 /* SingerVM.swift in Sources */,
				40DDC79C2629A83A00597480 /* Observable+Extensions.swift in Sources */,
				408BBA0726355F42000B573C /* SingerDetailVM.swift in Sources */,
				404BAAC7262A7DDD007F8D24 /* ImageCache.swift in Sources */,
				402697BB26272A0F003966B9 /* ServiceProvider.swift in Sources */,
				40DDC7952629A82E00597480 /* Optional+Extension.swift in Sources */,
				40DDC79D2629A83A00597480 /* UIImageView+isNotHidden.swift in Sources */,
				4002151E2629D8970048021B /* NetworkManager.swift in Sources */,
				40E7654126344BB300E5D543 /* SingerCoordinator.swift in Sources */,
				40CB7802262675BE0053F258 /* SingerVC.swift in Sources */,
				4045A5F42629E12800C07E74 /* Parser.swift in Sources */,
				40DDC7942629A82E00597480 /* String+localized.swift in Sources */,
				40DCDAC9262B0FF5007ED056 /* UIImage+decodedImage.swift in Sources */,
				4045A5DF2629E02E00C07E74 /* Endpoint.swift in Sources */,
				40CB77FE262675BE0053F258 /* AppDelegate.swift in Sources */,
				4045A5FC2629E20D00C07E74 /* ResultBase.swift in Sources */,
				40CB7800262675BE0053F258 /* SceneDelegate.swift in Sources */,
				40DDC78E2629A82700597480 /* View+ReuseIdentifiable.swift in Sources */,
				40E7654F26345E4200E5D543 /* SingerDetailVC.swift in Sources */,
				40269799262723E2003966B9 /* CoordinatorType.swift in Sources */,
				402697B026272926003966B9 /* ViewModelType.swift in Sources */,
			);
			runOnlyForDeploymentPostprocessing = 0;
		};
		40CB780C262675C10053F258 /* Sources */ = {
			isa = PBXSourcesBuildPhase;
			buildActionMask = 2147483647;
			files = (
				40CB7815262675C10053F258 /* iTunesSearchTests.swift in Sources */,
			);
			runOnlyForDeploymentPostprocessing = 0;
		};
		40CB7817262675C10053F258 /* Sources */ = {
			isa = PBXSourcesBuildPhase;
			buildActionMask = 2147483647;
			files = (
				40CB7820262675C10053F258 /* iTunesSearchUITests.swift in Sources */,
			);
			runOnlyForDeploymentPostprocessing = 0;
		};
/* End PBXSourcesBuildPhase section */

/* Begin PBXTargetDependency section */
		40CB7812262675C10053F258 /* PBXTargetDependency */ = {
			isa = PBXTargetDependency;
			target = 40CB77F9262675BE0053F258 /* iTunesSearch */;
			targetProxy = 40CB7811262675C10053F258 /* PBXContainerItemProxy */;
		};
		40CB781D262675C10053F258 /* PBXTargetDependency */ = {
			isa = PBXTargetDependency;
			target = 40CB77F9262675BE0053F258 /* iTunesSearch */;
			targetProxy = 40CB781C262675C10053F258 /* PBXContainerItemProxy */;
		};
/* End PBXTargetDependency section */

/* Begin PBXVariantGroup section */
		40CB7803262675BE0053F258 /* Singer.storyboard */ = {
			isa = PBXVariantGroup;
			children = (
				40CB7804262675BE0053F258 /* Base */,
			);
			name = Singer.storyboard;
			sourceTree = "<group>";
		};
		40CB7808262675C10053F258 /* LaunchScreen.storyboard */ = {
			isa = PBXVariantGroup;
			children = (
				40CB7809262675C10053F258 /* Base */,
			);
			name = LaunchScreen.storyboard;
			sourceTree = "<group>";
		};
/* End PBXVariantGroup section */

/* Begin XCBuildConfiguration section */
		40CB7822262675C10053F258 /* Debug */ = {
			isa = XCBuildConfiguration;
			buildSettings = {
				ALWAYS_SEARCH_USER_PATHS = NO;
				CLANG_ANALYZER_NONNULL = YES;
				CLANG_ANALYZER_NUMBER_OBJECT_CONVERSION = YES_AGGRESSIVE;
				CLANG_CXX_LANGUAGE_STANDARD = "gnu++14";
				CLANG_CXX_LIBRARY = "libc++";
				CLANG_ENABLE_MODULES = YES;
				CLANG_ENABLE_OBJC_ARC = YES;
				CLANG_ENABLE_OBJC_WEAK = YES;
				CLANG_WARN_BLOCK_CAPTURE_AUTORELEASING = YES;
				CLANG_WARN_BOOL_CONVERSION = YES;
				CLANG_WARN_COMMA = YES;
				CLANG_WARN_CONSTANT_CONVERSION = YES;
				CLANG_WARN_DEPRECATED_OBJC_IMPLEMENTATIONS = YES;
				CLANG_WARN_DIRECT_OBJC_ISA_USAGE = YES_ERROR;
				CLANG_WARN_DOCUMENTATION_COMMENTS = YES;
				CLANG_WARN_EMPTY_BODY = YES;
				CLANG_WARN_ENUM_CONVERSION = YES;
				CLANG_WARN_INFINITE_RECURSION = YES;
				CLANG_WARN_INT_CONVERSION = YES;
				CLANG_WARN_NON_LITERAL_NULL_CONVERSION = YES;
				CLANG_WARN_OBJC_IMPLICIT_RETAIN_SELF = YES;
				CLANG_WARN_OBJC_LITERAL_CONVERSION = YES;
				CLANG_WARN_OBJC_ROOT_CLASS = YES_ERROR;
				CLANG_WARN_QUOTED_INCLUDE_IN_FRAMEWORK_HEADER = YES;
				CLANG_WARN_RANGE_LOOP_ANALYSIS = YES;
				CLANG_WARN_STRICT_PROTOTYPES = YES;
				CLANG_WARN_SUSPICIOUS_MOVE = YES;
				CLANG_WARN_UNGUARDED_AVAILABILITY = YES_AGGRESSIVE;
				CLANG_WARN_UNREACHABLE_CODE = YES;
				CLANG_WARN__DUPLICATE_METHOD_MATCH = YES;
				COPY_PHASE_STRIP = NO;
				DEBUG_INFORMATION_FORMAT = dwarf;
				ENABLE_STRICT_OBJC_MSGSEND = YES;
				ENABLE_TESTABILITY = YES;
				GCC_C_LANGUAGE_STANDARD = gnu11;
				GCC_DYNAMIC_NO_PIC = NO;
				GCC_NO_COMMON_BLOCKS = YES;
				GCC_OPTIMIZATION_LEVEL = 0;
				GCC_PREPROCESSOR_DEFINITIONS = (
					"DEBUG=1",
					"$(inherited)",
				);
				GCC_WARN_64_TO_32_BIT_CONVERSION = YES;
				GCC_WARN_ABOUT_RETURN_TYPE = YES_ERROR;
				GCC_WARN_UNDECLARED_SELECTOR = YES;
				GCC_WARN_UNINITIALIZED_AUTOS = YES_AGGRESSIVE;
				GCC_WARN_UNUSED_FUNCTION = YES;
				GCC_WARN_UNUSED_VARIABLE = YES;
				IPHONEOS_DEPLOYMENT_TARGET = 14.4;
				MTL_ENABLE_DEBUG_INFO = INCLUDE_SOURCE;
				MTL_FAST_MATH = YES;
				ONLY_ACTIVE_ARCH = YES;
				SDKROOT = iphoneos;
				SWIFT_ACTIVE_COMPILATION_CONDITIONS = DEBUG;
				SWIFT_OPTIMIZATION_LEVEL = "-Onone";
			};
			name = Debug;
		};
		40CB7823262675C10053F258 /* Release */ = {
			isa = XCBuildConfiguration;
			buildSettings = {
				ALWAYS_SEARCH_USER_PATHS = NO;
				CLANG_ANALYZER_NONNULL = YES;
				CLANG_ANALYZER_NUMBER_OBJECT_CONVERSION = YES_AGGRESSIVE;
				CLANG_CXX_LANGUAGE_STANDARD = "gnu++14";
				CLANG_CXX_LIBRARY = "libc++";
				CLANG_ENABLE_MODULES = YES;
				CLANG_ENABLE_OBJC_ARC = YES;
				CLANG_ENABLE_OBJC_WEAK = YES;
				CLANG_WARN_BLOCK_CAPTURE_AUTORELEASING = YES;
				CLANG_WARN_BOOL_CONVERSION = YES;
				CLANG_WARN_COMMA = YES;
				CLANG_WARN_CONSTANT_CONVERSION = YES;
				CLANG_WARN_DEPRECATED_OBJC_IMPLEMENTATIONS = YES;
				CLANG_WARN_DIRECT_OBJC_ISA_USAGE = YES_ERROR;
				CLANG_WARN_DOCUMENTATION_COMMENTS = YES;
				CLANG_WARN_EMPTY_BODY = YES;
				CLANG_WARN_ENUM_CONVERSION = YES;
				CLANG_WARN_INFINITE_RECURSION = YES;
				CLANG_WARN_INT_CONVERSION = YES;
				CLANG_WARN_NON_LITERAL_NULL_CONVERSION = YES;
				CLANG_WARN_OBJC_IMPLICIT_RETAIN_SELF = YES;
				CLANG_WARN_OBJC_LITERAL_CONVERSION = YES;
				CLANG_WARN_OBJC_ROOT_CLASS = YES_ERROR;
				CLANG_WARN_QUOTED_INCLUDE_IN_FRAMEWORK_HEADER = YES;
				CLANG_WARN_RANGE_LOOP_ANALYSIS = YES;
				CLANG_WARN_STRICT_PROTOTYPES = YES;
				CLANG_WARN_SUSPICIOUS_MOVE = YES;
				CLANG_WARN_UNGUARDED_AVAILABILITY = YES_AGGRESSIVE;
				CLANG_WARN_UNREACHABLE_CODE = YES;
				CLANG_WARN__DUPLICATE_METHOD_MATCH = YES;
				COPY_PHASE_STRIP = NO;
				DEBUG_INFORMATION_FORMAT = "dwarf-with-dsym";
				ENABLE_NS_ASSERTIONS = NO;
				ENABLE_STRICT_OBJC_MSGSEND = YES;
				GCC_C_LANGUAGE_STANDARD = gnu11;
				GCC_NO_COMMON_BLOCKS = YES;
				GCC_WARN_64_TO_32_BIT_CONVERSION = YES;
				GCC_WARN_ABOUT_RETURN_TYPE = YES_ERROR;
				GCC_WARN_UNDECLARED_SELECTOR = YES;
				GCC_WARN_UNINITIALIZED_AUTOS = YES_AGGRESSIVE;
				GCC_WARN_UNUSED_FUNCTION = YES;
				GCC_WARN_UNUSED_VARIABLE = YES;
				IPHONEOS_DEPLOYMENT_TARGET = 14.4;
				MTL_ENABLE_DEBUG_INFO = NO;
				MTL_FAST_MATH = YES;
				SDKROOT = iphoneos;
				SWIFT_COMPILATION_MODE = wholemodule;
				SWIFT_OPTIMIZATION_LEVEL = "-O";
				VALIDATE_PRODUCT = YES;
			};
			name = Release;
		};
		40CB7825262675C10053F258 /* Debug */ = {
			isa = XCBuildConfiguration;
			buildSettings = {
				ASSETCATALOG_COMPILER_APPICON_NAME = AppIcon;
				ASSETCATALOG_COMPILER_GLOBAL_ACCENT_COLOR_NAME = AccentColor;
				CODE_SIGN_STYLE = Automatic;
				DEVELOPMENT_TEAM = 85329TR25G;
				INFOPLIST_FILE = iTunesSearch/Support/Info.plist;
				LD_RUNPATH_SEARCH_PATHS = (
					"$(inherited)",
					"@executable_path/Frameworks",
				);
				PRODUCT_BUNDLE_IDENTIFIER = com.havi.iTunesSearch;
				PRODUCT_NAME = "$(TARGET_NAME)";
				SWIFT_VERSION = 5.0;
				TARGETED_DEVICE_FAMILY = "1,2";
			};
			name = Debug;
		};
		40CB7826262675C10053F258 /* Release */ = {
			isa = XCBuildConfiguration;
			buildSettings = {
				ASSETCATALOG_COMPILER_APPICON_NAME = AppIcon;
				ASSETCATALOG_COMPILER_GLOBAL_ACCENT_COLOR_NAME = AccentColor;
				CODE_SIGN_STYLE = Automatic;
				DEVELOPMENT_TEAM = 85329TR25G;
				INFOPLIST_FILE = iTunesSearch/Support/Info.plist;
				LD_RUNPATH_SEARCH_PATHS = (
					"$(inherited)",
					"@executable_path/Frameworks",
				);
				PRODUCT_BUNDLE_IDENTIFIER = com.havi.iTunesSearch;
				PRODUCT_NAME = "$(TARGET_NAME)";
				SWIFT_VERSION = 5.0;
				TARGETED_DEVICE_FAMILY = "1,2";
			};
			name = Release;
		};
		40CB7828262675C10053F258 /* Debug */ = {
			isa = XCBuildConfiguration;
			buildSettings = {
				ALWAYS_EMBED_SWIFT_STANDARD_LIBRARIES = YES;
				BUNDLE_LOADER = "$(TEST_HOST)";
				CODE_SIGN_STYLE = Automatic;
				DEVELOPMENT_TEAM = 85329TR25G;
				INFOPLIST_FILE = MVVM_RxSwift_RestaurantTests/Info.plist;
				IPHONEOS_DEPLOYMENT_TARGET = 14.4;
				LD_RUNPATH_SEARCH_PATHS = (
					"$(inherited)",
					"@executable_path/Frameworks",
					"@loader_path/Frameworks",
				);
				PRODUCT_BUNDLE_IDENTIFIER = "com.havi.MVVM-RxSwift-RestaurantTests";
				PRODUCT_NAME = "$(TARGET_NAME)";
				SWIFT_VERSION = 5.0;
				TARGETED_DEVICE_FAMILY = "1,2";
				TEST_HOST = "$(BUILT_PRODUCTS_DIR)/iTunesSearch.app/iTunesSearch";
			};
			name = Debug;
		};
		40CB7829262675C10053F258 /* Release */ = {
			isa = XCBuildConfiguration;
			buildSettings = {
				ALWAYS_EMBED_SWIFT_STANDARD_LIBRARIES = YES;
				BUNDLE_LOADER = "$(TEST_HOST)";
				CODE_SIGN_STYLE = Automatic;
				DEVELOPMENT_TEAM = 85329TR25G;
				INFOPLIST_FILE = MVVM_RxSwift_RestaurantTests/Info.plist;
				IPHONEOS_DEPLOYMENT_TARGET = 14.4;
				LD_RUNPATH_SEARCH_PATHS = (
					"$(inherited)",
					"@executable_path/Frameworks",
					"@loader_path/Frameworks",
				);
				PRODUCT_BUNDLE_IDENTIFIER = "com.havi.MVVM-RxSwift-RestaurantTests";
				PRODUCT_NAME = "$(TARGET_NAME)";
				SWIFT_VERSION = 5.0;
				TARGETED_DEVICE_FAMILY = "1,2";
				TEST_HOST = "$(BUILT_PRODUCTS_DIR)/iTunesSearch.app/iTunesSearch";
			};
			name = Release;
		};
		40CB782B262675C10053F258 /* Debug */ = {
			isa = XCBuildConfiguration;
			buildSettings = {
				ALWAYS_EMBED_SWIFT_STANDARD_LIBRARIES = YES;
				CODE_SIGN_STYLE = Automatic;
				DEVELOPMENT_TEAM = 85329TR25G;
				INFOPLIST_FILE = MVVM_RxSwift_RestaurantUITests/Info.plist;
				LD_RUNPATH_SEARCH_PATHS = (
					"$(inherited)",
					"@executable_path/Frameworks",
					"@loader_path/Frameworks",
				);
				PRODUCT_BUNDLE_IDENTIFIER = "com.havi.MVVM-RxSwift-RestaurantUITests";
				PRODUCT_NAME = "$(TARGET_NAME)";
				SWIFT_VERSION = 5.0;
				TARGETED_DEVICE_FAMILY = "1,2";
				TEST_TARGET_NAME = MVVM_RxSwift_Restaurant;
			};
			name = Debug;
		};
		40CB782C262675C10053F258 /* Release */ = {
			isa = XCBuildConfiguration;
			buildSettings = {
				ALWAYS_EMBED_SWIFT_STANDARD_LIBRARIES = YES;
				CODE_SIGN_STYLE = Automatic;
				DEVELOPMENT_TEAM = 85329TR25G;
				INFOPLIST_FILE = MVVM_RxSwift_RestaurantUITests/Info.plist;
				LD_RUNPATH_SEARCH_PATHS = (
					"$(inherited)",
					"@executable_path/Frameworks",
					"@loader_path/Frameworks",
				);
				PRODUCT_BUNDLE_IDENTIFIER = "com.havi.MVVM-RxSwift-RestaurantUITests";
				PRODUCT_NAME = "$(TARGET_NAME)";
				SWIFT_VERSION = 5.0;
				TARGETED_DEVICE_FAMILY = "1,2";
				TEST_TARGET_NAME = MVVM_RxSwift_Restaurant;
			};
			name = Release;
		};
/* End XCBuildConfiguration section */

/* Begin XCConfigurationList section */
		40CB77F5262675BE0053F258 /* Build configuration list for PBXProject "iTunesSearch" */ = {
			isa = XCConfigurationList;
			buildConfigurations = (
				40CB7822262675C10053F258 /* Debug */,
				40CB7823262675C10053F258 /* Release */,
			);
			defaultConfigurationIsVisible = 0;
			defaultConfigurationName = Release;
		};
		40CB7824262675C10053F258 /* Build configuration list for PBXNativeTarget "iTunesSearch" */ = {
			isa = XCConfigurationList;
			buildConfigurations = (
				40CB7825262675C10053F258 /* Debug */,
				40CB7826262675C10053F258 /* Release */,
			);
			defaultConfigurationIsVisible = 0;
			defaultConfigurationName = Release;
		};
		40CB7827262675C10053F258 /* Build configuration list for PBXNativeTarget "iTunesSearchTests" */ = {
			isa = XCConfigurationList;
			buildConfigurations = (
				40CB7828262675C10053F258 /* Debug */,
				40CB7829262675C10053F258 /* Release */,
			);
			defaultConfigurationIsVisible = 0;
			defaultConfigurationName = Release;
		};
		40CB782A262675C10053F258 /* Build configuration list for PBXNativeTarget "iTunesSearchUITests" */ = {
			isa = XCConfigurationList;
			buildConfigurations = (
				40CB782B262675C10053F258 /* Debug */,
				40CB782C262675C10053F258 /* Release */,
			);
			defaultConfigurationIsVisible = 0;
			defaultConfigurationName = Release;
		};
/* End XCConfigurationList section */

/* Begin XCRemoteSwiftPackageReference section */
		4045DFF22629EE660021E9C6 /* XCRemoteSwiftPackageReference "RxSwift" */ = {
			isa = XCRemoteSwiftPackageReference;
			repositoryURL = "https://github.com/ReactiveX/RxSwift";
			requirement = {
				kind = upToNextMajorVersion;
				minimumVersion = 6.1.0;
			};
		};
/* End XCRemoteSwiftPackageReference section */

/* Begin XCSwiftPackageProductDependency section */
		4045DFF32629EE660021E9C6 /* RxSwift */ = {
			isa = XCSwiftPackageProductDependency;
			package = 4045DFF22629EE660021E9C6 /* XCRemoteSwiftPackageReference "RxSwift" */;
			productName = RxSwift;
		};
		4045DFF52629EE660021E9C6 /* RxTest */ = {
			isa = XCSwiftPackageProductDependency;
			package = 4045DFF22629EE660021E9C6 /* XCRemoteSwiftPackageReference "RxSwift" */;
			productName = RxTest;
		};
		4045DFF72629EE660021E9C6 /* RxRelay */ = {
			isa = XCSwiftPackageProductDependency;
			package = 4045DFF22629EE660021E9C6 /* XCRemoteSwiftPackageReference "RxSwift" */;
			productName = RxRelay;
		};
		4045DFF92629EE660021E9C6 /* RxCocoa */ = {
			isa = XCSwiftPackageProductDependency;
			package = 4045DFF22629EE660021E9C6 /* XCRemoteSwiftPackageReference "RxSwift" */;
			productName = RxCocoa;
		};
		4045DFFB2629EE660021E9C6 /* RxBlocking */ = {
			isa = XCSwiftPackageProductDependency;
			package = 4045DFF22629EE660021E9C6 /* XCRemoteSwiftPackageReference "RxSwift" */;
			productName = RxBlocking;
		};
/* End XCSwiftPackageProductDependency section */
	};
	rootObject = 40CB77F2262675BE0053F258 /* Project object */;
}
